
Microsoft Visual Studio Solution File, Format Version 12.00
# Visual Studio Version 17
VisualStudioVersion = 17.5.33516.290
MinimumVisualStudioVersion = 10.0.40219.1
Project("{2150E333-8FDC-42A3-9474-1A3956D46DE8}") = "Services", "Services", "{6EE72F67-EE0B-4545-8E7C-A1230E3B9211}"
EndProject
Project("{9A19103F-16F7-4668-BE54-9A1E7A4F7556}") = "Demo.Services.CompanyAPI", "Demo.Services.Company\Demo.Services.CompanyAPI.csproj", "{4A72DBDA-4792-4768-A7F9-2B2F5D896044}"
EndProject
Project("{FAE04EC0-301F-11D3-BF4B-00C04F79EFBC}") = "Demo.Services.OrderAPI", "Demo.Services.OrderAPI\Demo.Services.OrderAPI.csproj", "{D71D2B3C-AD3E-48A6-BE99-447946217BFE}"
EndProject
Global
	GlobalSection(SolutionConfigurationPlatforms) = preSolution
		Debug|Any CPU = Debug|Any CPU
		Release|Any CPU = Release|Any CPU
	EndGlobalSection
	GlobalSection(ProjectConfigurationPlatforms) = postSolution
		{4A72DBDA-4792-4768-A7F9-2B2F5D896044}.Debug|Any CPU.ActiveCfg = Debug|Any CPU
		{4A72DBDA-4792-4768-A7F9-2B2F5D896044}.Debug|Any CPU.Build.0 = Debug|Any CPU
		{4A72DBDA-4792-4768-A7F9-2B2F5D896044}.Release|Any CPU.ActiveCfg = Release|Any CPU
		{4A72DBDA-4792-4768-A7F9-2B2F5D896044}.Release|Any CPU.Build.0 = Release|Any CPU
		{D71D2B3C-AD3E-48A6-BE99-447946217BFE}.Debug|Any CPU.ActiveCfg = Debug|Any CPU
		{D71D2B3C-AD3E-48A6-BE99-447946217BFE}.Debug|Any CPU.Build.0 = Debug|Any CPU
		{D71D2B3C-AD3E-48A6-BE99-447946217BFE}.Release|Any CPU.ActiveCfg = Release|Any CPU
		{D71D2B3C-AD3E-48A6-BE99-447946217BFE}.Release|Any CPU.Build.0 = Release|Any CPU
	EndGlobalSection
	GlobalSection(SolutionProperties) = preSolution
		HideSolutionNode = FALSE
	EndGlobalSection
	GlobalSection(NestedProjects) = preSolution
		{4A72DBDA-4792-4768-A7F9-2B2F5D896044} = {6EE72F67-EE0B-4545-8E7C-A1230E3B9211}
		{D71D2B3C-AD3E-48A6-BE99-447946217BFE} = {6EE72F67-EE0B-4545-8E7C-A1230E3B9211}
	EndGlobalSection
	GlobalSection(ExtensibilityGlobals) = postSolution
		SolutionGuid = {0CE01FFD-965B-4F9A-97FB-86419BA2080B}
	EndGlobalSection
EndGlobal
